
Microsoft Visual Studio Solution File, Format Version 12.00
# Visual Studio Version 16
VisualStudioVersion = 16.0.30717.126
MinimumVisualStudioVersion = 10.0.40219.1
Project("{8BC9CEB8-8B4A-11D0-8D11-00A0C91BC942}") = "ImageWrapping", "ImageWrapping\ImageWrapping.vcxproj", "{C7B98540-EC31-4312-856E-885156E62F63}"
EndProject
Global
	GlobalSection(SolutionConfigurationPlatforms) = preSolution
		Debug|x64 = Debug|x64
		Release|x64 = Release|x64
	EndGlobalSection
	GlobalSection(ProjectConfigurationPlatforms) = postSolution
		{C7B98540-EC31-4312-856E-885156E62F63}.Debug|x64.ActiveCfg = Debug|x64
		{C7B98540-EC31-4312-856E-885156E62F63}.Debug|x64.Build.0 = Debug|x64
		{C7B98540-EC31-4312-856E-885156E62F63}.Release|x64.ActiveCfg = Release|x64
		{C7B98540-EC31-4312-856E-885156E62F63}.Release|x64.Build.0 = Release|x64
	EndGlobalSection
	GlobalSection(SolutionProperties) = preSolution
		HideSolutionNode = FALSE
	EndGlobalSection
	GlobalSection(ExtensibilityGlobals) = postSolution
		SolutionGuid = {1FCC79DA-FC54-445A-AE84-1BC8695CC215}
	EndGlobalSection
EndGlobal
